// !$*UTF8*$!
{
	archiveVersion = 1;
	classes = {
	};
	objectVersion = 56;
	objects = {

/* Begin PBXBuildFile section */
		2C4079CD2A349E9600B2E90A /* KeyboardObserver.swift in Sources */ = {isa = PBXBuildFile; fileRef = 2C4079CC2A349E9600B2E90A /* KeyboardObserver.swift */; };
		2C8256792A0CC03B002C31F9 /* SCApp.swift in Sources */ = {isa = PBXBuildFile; fileRef = 2C8256782A0CC03B002C31F9 /* SCApp.swift */; };
		2C82567B2A0CC03B002C31F9 /* ContentView.swift in Sources */ = {isa = PBXBuildFile; fileRef = 2C82567A2A0CC03B002C31F9 /* ContentView.swift */; };
		2C82567D2A0CC03C002C31F9 /* Assets.xcassets in Resources */ = {isa = PBXBuildFile; fileRef = 2C82567C2A0CC03C002C31F9 /* Assets.xcassets */; };
		2C8256802A0CC03C002C31F9 /* Preview Assets.xcassets in Resources */ = {isa = PBXBuildFile; fileRef = 2C82567F2A0CC03C002C31F9 /* Preview Assets.xcassets */; };
		2C9048562A30B006005A9F4E /* CalendarViewModel.swift in Sources */ = {isa = PBXBuildFile; fileRef = 2C9048552A30B006005A9F4E /* CalendarViewModel.swift */; };
		2C9048782A31050A005A9F4E /* AddCompassionView.swift in Sources */ = {isa = PBXBuildFile; fileRef = 2C9048772A31050A005A9F4E /* AddCompassionView.swift */; };
		2C90488B2A31BA51005A9F4E /* CalendarModel.swift in Sources */ = {isa = PBXBuildFile; fileRef = 2C90488A2A31BA51005A9F4E /* CalendarModel.swift */; };
		2C90488F2A325D6D005A9F4E /* DateFormatRepository.swift in Sources */ = {isa = PBXBuildFile; fileRef = 2C90488E2A325D6D005A9F4E /* DateFormatRepository.swift */; };
		2C9048922A33290D005A9F4E /* TabView.swift in Sources */ = {isa = PBXBuildFile; fileRef = 2C9048912A33290D005A9F4E /* TabView.swift */; };
		2C99009A2A1FD34D00CDD4BC /* EditSolutionView.swift in Sources */ = {isa = PBXBuildFile; fileRef = 2C9900992A1FD34D00CDD4BC /* EditSolutionView.swift */; };
		2C99009C2A22011E00CDD4BC /* AccountViewModel.swift in Sources */ = {isa = PBXBuildFile; fileRef = 2C99009B2A22011E00CDD4BC /* AccountViewModel.swift */; };
		2C99009E2A22014500CDD4BC /* AccountModel.swift in Sources */ = {isa = PBXBuildFile; fileRef = 2C99009D2A22014500CDD4BC /* AccountModel.swift */; };
		2C9900A52A2240EB00CDD4BC /* SignInWithAppleRepository.swift in Sources */ = {isa = PBXBuildFile; fileRef = 2C9900A42A2240EB00CDD4BC /* SignInWithAppleRepository.swift */; };
		2C9900A72A2243D800CDD4BC /* SignInWithAppleButton.swift in Sources */ = {isa = PBXBuildFile; fileRef = 2C9900A62A2243D800CDD4BC /* SignInWithAppleButton.swift */; };
		2C9900A92A22448000CDD4BC /* SignInView.swift in Sources */ = {isa = PBXBuildFile; fileRef = 2C9900A82A22448000CDD4BC /* SignInView.swift */; };
		2CA0EDEA2A0D36A100653D05 /* SCListView.swift in Sources */ = {isa = PBXBuildFile; fileRef = 2CA0EDE92A0D36A100653D05 /* SCListView.swift */; };
		2CA0EDEE2A0FE2A400653D05 /* FeaturedView.swift in Sources */ = {isa = PBXBuildFile; fileRef = 2CA0EDED2A0FE2A400653D05 /* FeaturedView.swift */; };
		2CA0EDF42A13978D00653D05 /* FeaturedModel.swift in Sources */ = {isa = PBXBuildFile; fileRef = 2CA0EDF32A13978D00653D05 /* FeaturedModel.swift */; };
		2CD037C82A192EEF00C3B4C7 /* TabModel.swift in Sources */ = {isa = PBXBuildFile; fileRef = 2CD037C72A192EEF00C3B4C7 /* TabModel.swift */; };
		2CD037CA2A19348C00C3B4C7 /* Carousel.swift in Sources */ = {isa = PBXBuildFile; fileRef = 2CD037C92A19348C00C3B4C7 /* Carousel.swift */; };
		2CD037CD2A1B990900C3B4C7 /* SCBackgroundView.swift in Sources */ = {isa = PBXBuildFile; fileRef = 2CD037CC2A1B990900C3B4C7 /* SCBackgroundView.swift */; };
		2CD037CF2A1BBBF300C3B4C7 /* AddSolutionView.swift in Sources */ = {isa = PBXBuildFile; fileRef = 2CD037CE2A1BBBF300C3B4C7 /* AddSolutionView.swift */; };
		2CD037D22A1D199300C3B4C7 /* AddSCViewModel.swift in Sources */ = {isa = PBXBuildFile; fileRef = 2CD037D12A1D199300C3B4C7 /* AddSCViewModel.swift */; };
		2CD037D52A1D1A6A00C3B4C7 /* FirebaseAnalytics in Frameworks */ = {isa = PBXBuildFile; productRef = 2CD037D42A1D1A6A00C3B4C7 /* FirebaseAnalytics */; };
		2CD037D72A1D1A6A00C3B4C7 /* FirebaseAuth in Frameworks */ = {isa = PBXBuildFile; productRef = 2CD037D62A1D1A6A00C3B4C7 /* FirebaseAuth */; };
		2CD037D92A1D1A6A00C3B4C7 /* FirebaseAuthCombine-Community in Frameworks */ = {isa = PBXBuildFile; productRef = 2CD037D82A1D1A6A00C3B4C7 /* FirebaseAuthCombine-Community */; };
		2CD037DB2A1D1A6A00C3B4C7 /* FirebaseFirestore in Frameworks */ = {isa = PBXBuildFile; productRef = 2CD037DA2A1D1A6A00C3B4C7 /* FirebaseFirestore */; };
		2CD037DD2A1D1A6A00C3B4C7 /* FirebaseFirestoreCombine-Community in Frameworks */ = {isa = PBXBuildFile; productRef = 2CD037DC2A1D1A6A00C3B4C7 /* FirebaseFirestoreCombine-Community */; };
		2CD037DF2A1D1A6A00C3B4C7 /* FirebaseStorage in Frameworks */ = {isa = PBXBuildFile; productRef = 2CD037DE2A1D1A6A00C3B4C7 /* FirebaseStorage */; };
		2CD037E12A1D1A6A00C3B4C7 /* FirebaseStorageCombine-Community in Frameworks */ = {isa = PBXBuildFile; productRef = 2CD037E02A1D1A6A00C3B4C7 /* FirebaseStorageCombine-Community */; };
		2CD037E32A1D1DDA00C3B4C7 /* SolutionModel.swift in Sources */ = {isa = PBXBuildFile; fileRef = 2CD037E22A1D1DDA00C3B4C7 /* SolutionModel.swift */; };
		2CD037E52A1DF82E00C3B4C7 /* GoogleService-Info.plist in Resources */ = {isa = PBXBuildFile; fileRef = 2CD037E42A1DF82E00C3B4C7 /* GoogleService-Info.plist */; };
		2CD037E72A1E819C00C3B4C7 /* FetchSCViewModel.swift in Sources */ = {isa = PBXBuildFile; fileRef = 2CD037E62A1E819C00C3B4C7 /* FetchSCViewModel.swift */; };
		2CD54B582A2DE44900966D39 /* CompassionCalendarView.swift in Sources */ = {isa = PBXBuildFile; fileRef = 2CD54B572A2DE44900966D39 /* CompassionCalendarView.swift */; };
		2CD54B5A2A2DE4D100966D39 /* CalendarView.swift in Sources */ = {isa = PBXBuildFile; fileRef = 2CD54B592A2DE4D100966D39 /* CalendarView.swift */; };
/* End PBXBuildFile section */

/* Begin PBXFileReference section */
		2C4079CC2A349E9600B2E90A /* KeyboardObserver.swift */ = {isa = PBXFileReference; lastKnownFileType = sourcecode.swift; path = KeyboardObserver.swift; sourceTree = "<group>"; };
		2C8256752A0CC03B002C31F9 /* SC.app */ = {isa = PBXFileReference; explicitFileType = wrapper.application; includeInIndex = 0; path = SC.app; sourceTree = BUILT_PRODUCTS_DIR; };
		2C8256782A0CC03B002C31F9 /* SCApp.swift */ = {isa = PBXFileReference; lastKnownFileType = sourcecode.swift; path = SCApp.swift; sourceTree = "<group>"; };
		2C82567A2A0CC03B002C31F9 /* ContentView.swift */ = {isa = PBXFileReference; lastKnownFileType = sourcecode.swift; path = ContentView.swift; sourceTree = "<group>"; };
		2C82567C2A0CC03C002C31F9 /* Assets.xcassets */ = {isa = PBXFileReference; lastKnownFileType = folder.assetcatalog; path = Assets.xcassets; sourceTree = "<group>"; };
		2C82567F2A0CC03C002C31F9 /* Preview Assets.xcassets */ = {isa = PBXFileReference; lastKnownFileType = folder.assetcatalog; path = "Preview Assets.xcassets"; sourceTree = "<group>"; };
		2C9048552A30B006005A9F4E /* CalendarViewModel.swift */ = {isa = PBXFileReference; lastKnownFileType = sourcecode.swift; path = CalendarViewModel.swift; sourceTree = "<group>"; };
		2C9048772A31050A005A9F4E /* AddCompassionView.swift */ = {isa = PBXFileReference; lastKnownFileType = sourcecode.swift; path = AddCompassionView.swift; sourceTree = "<group>"; };
		2C90488A2A31BA51005A9F4E /* CalendarModel.swift */ = {isa = PBXFileReference; lastKnownFileType = sourcecode.swift; path = CalendarModel.swift; sourceTree = "<group>"; };
		2C90488E2A325D6D005A9F4E /* DateFormatRepository.swift */ = {isa = PBXFileReference; lastKnownFileType = sourcecode.swift; path = DateFormatRepository.swift; sourceTree = "<group>"; };
		2C9048912A33290D005A9F4E /* TabView.swift */ = {isa = PBXFileReference; lastKnownFileType = sourcecode.swift; path = TabView.swift; sourceTree = "<group>"; };
		2C9900992A1FD34D00CDD4BC /* EditSolutionView.swift */ = {isa = PBXFileReference; lastKnownFileType = sourcecode.swift; path = EditSolutionView.swift; sourceTree = "<group>"; };
		2C99009B2A22011E00CDD4BC /* AccountViewModel.swift */ = {isa = PBXFileReference; lastKnownFileType = sourcecode.swift; path = AccountViewModel.swift; sourceTree = "<group>"; };
		2C99009D2A22014500CDD4BC /* AccountModel.swift */ = {isa = PBXFileReference; lastKnownFileType = sourcecode.swift; path = AccountModel.swift; sourceTree = "<group>"; };
		2C9900A32A22404300CDD4BC /* SC.entitlements */ = {isa = PBXFileReference; lastKnownFileType = text.plist.entitlements; path = SC.entitlements; sourceTree = "<group>"; };
		2C9900A42A2240EB00CDD4BC /* SignInWithAppleRepository.swift */ = {isa = PBXFileReference; lastKnownFileType = sourcecode.swift; path = SignInWithAppleRepository.swift; sourceTree = "<group>"; };
		2C9900A62A2243D800CDD4BC /* SignInWithAppleButton.swift */ = {isa = PBXFileReference; lastKnownFileType = sourcecode.swift; path = SignInWithAppleButton.swift; sourceTree = "<group>"; };
		2C9900A82A22448000CDD4BC /* SignInView.swift */ = {isa = PBXFileReference; lastKnownFileType = sourcecode.swift; path = SignInView.swift; sourceTree = "<group>"; };
		2CA0EDE92A0D36A100653D05 /* SCListView.swift */ = {isa = PBXFileReference; lastKnownFileType = sourcecode.swift; path = SCListView.swift; sourceTree = "<group>"; };
		2CA0EDED2A0FE2A400653D05 /* FeaturedView.swift */ = {isa = PBXFileReference; lastKnownFileType = sourcecode.swift; path = FeaturedView.swift; sourceTree = "<group>"; };
		2CA0EDF32A13978D00653D05 /* FeaturedModel.swift */ = {isa = PBXFileReference; lastKnownFileType = sourcecode.swift; path = FeaturedModel.swift; sourceTree = "<group>"; };
		2CD037C72A192EEF00C3B4C7 /* TabModel.swift */ = {isa = PBXFileReference; lastKnownFileType = sourcecode.swift; path = TabModel.swift; sourceTree = "<group>"; };
		2CD037C92A19348C00C3B4C7 /* Carousel.swift */ = {isa = PBXFileReference; lastKnownFileType = sourcecode.swift; path = Carousel.swift; sourceTree = "<group>"; };
		2CD037CC2A1B990900C3B4C7 /* SCBackgroundView.swift */ = {isa = PBXFileReference; lastKnownFileType = sourcecode.swift; path = SCBackgroundView.swift; sourceTree = "<group>"; };
		2CD037CE2A1BBBF300C3B4C7 /* AddSolutionView.swift */ = {isa = PBXFileReference; lastKnownFileType = sourcecode.swift; path = AddSolutionView.swift; sourceTree = "<group>"; };
		2CD037D12A1D199300C3B4C7 /* AddSCViewModel.swift */ = {isa = PBXFileReference; lastKnownFileType = sourcecode.swift; path = AddSCViewModel.swift; sourceTree = "<group>"; };
		2CD037E22A1D1DDA00C3B4C7 /* SolutionModel.swift */ = {isa = PBXFileReference; lastKnownFileType = sourcecode.swift; path = SolutionModel.swift; sourceTree = "<group>"; };
		2CD037E42A1DF82E00C3B4C7 /* GoogleService-Info.plist */ = {isa = PBXFileReference; fileEncoding = 4; lastKnownFileType = text.plist.xml; path = "GoogleService-Info.plist"; sourceTree = "<group>"; };
		2CD037E62A1E819C00C3B4C7 /* FetchSCViewModel.swift */ = {isa = PBXFileReference; lastKnownFileType = sourcecode.swift; path = FetchSCViewModel.swift; sourceTree = "<group>"; };
		2CD54B572A2DE44900966D39 /* CompassionCalendarView.swift */ = {isa = PBXFileReference; lastKnownFileType = sourcecode.swift; path = CompassionCalendarView.swift; sourceTree = "<group>"; };
		2CD54B592A2DE4D100966D39 /* CalendarView.swift */ = {isa = PBXFileReference; lastKnownFileType = sourcecode.swift; path = CalendarView.swift; sourceTree = "<group>"; };
/* End PBXFileReference section */

/* Begin PBXFrameworksBuildPhase section */
		2C8256722A0CC03B002C31F9 /* Frameworks */ = {
			isa = PBXFrameworksBuildPhase;
			buildActionMask = 2147483647;
			files = (
				2CD037D52A1D1A6A00C3B4C7 /* FirebaseAnalytics in Frameworks */,
				2CD037E12A1D1A6A00C3B4C7 /* FirebaseStorageCombine-Community in Frameworks */,
				2CD037DB2A1D1A6A00C3B4C7 /* FirebaseFirestore in Frameworks */,
				2CD037D92A1D1A6A00C3B4C7 /* FirebaseAuthCombine-Community in Frameworks */,
				2CD037DD2A1D1A6A00C3B4C7 /* FirebaseFirestoreCombine-Community in Frameworks */,
				2CD037D72A1D1A6A00C3B4C7 /* FirebaseAuth in Frameworks */,
				2CD037DF2A1D1A6A00C3B4C7 /* FirebaseStorage in Frameworks */,
			);
			runOnlyForDeploymentPostprocessing = 0;
		};
/* End PBXFrameworksBuildPhase section */

/* Begin PBXGroup section */
		2C4079CB2A349E7C00B2E90A /* Helper */ = {
			isa = PBXGroup;
			children = (
				2C4079CC2A349E9600B2E90A /* KeyboardObserver.swift */,
			);
			path = Helper;
			sourceTree = "<group>";
		};
		2C82566C2A0CC03B002C31F9 = {
			isa = PBXGroup;
			children = (
				2C8256772A0CC03B002C31F9 /* SC */,
				2C8256762A0CC03B002C31F9 /* Products */,
			);
			sourceTree = "<group>";
		};
		2C8256762A0CC03B002C31F9 /* Products */ = {
			isa = PBXGroup;
			children = (
				2C8256752A0CC03B002C31F9 /* SC.app */,
			);
			name = Products;
			sourceTree = "<group>";
		};
		2C8256772A0CC03B002C31F9 /* SC */ = {
			isa = PBXGroup;
			children = (
				2C9900A32A22404300CDD4BC /* SC.entitlements */,
				2CD037E42A1DF82E00C3B4C7 /* GoogleService-Info.plist */,
				2C82567C2A0CC03C002C31F9 /* Assets.xcassets */,
				2C4079CB2A349E7C00B2E90A /* Helper */,
				2C9048792A31B19F005A9F4E /* Repository */,
				2C9900982A1FD2B900CDD4BC /* View */,
				2CD037D02A1D197400C3B4C7 /* ViewModel */,
				2CD037CB2A19354700C3B4C7 /* Model */,
				2C82567E2A0CC03C002C31F9 /* Preview Content */,
			);
			path = SC;
			sourceTree = "<group>";
		};
		2C82567E2A0CC03C002C31F9 /* Preview Content */ = {
			isa = PBXGroup;
			children = (
				2C82567F2A0CC03C002C31F9 /* Preview Assets.xcassets */,
			);
			path = "Preview Content";
			sourceTree = "<group>";
		};
		2C9048792A31B19F005A9F4E /* Repository */ = {
			isa = PBXGroup;
			children = (
				2C9900A42A2240EB00CDD4BC /* SignInWithAppleRepository.swift */,
				2C90488E2A325D6D005A9F4E /* DateFormatRepository.swift */,
			);
			path = Repository;
			sourceTree = "<group>";
		};
		2C90487C2A31B3D5005A9F4E /* Solution */ = {
			isa = PBXGroup;
			children = (
				2CA0EDE92A0D36A100653D05 /* SCListView.swift */,
				2CD037C92A19348C00C3B4C7 /* Carousel.swift */,
				2CA0EDED2A0FE2A400653D05 /* FeaturedView.swift */,
				2CD037CE2A1BBBF300C3B4C7 /* AddSolutionView.swift */,
				2C9900992A1FD34D00CDD4BC /* EditSolutionView.swift */,
			);
			path = Solution;
			sourceTree = "<group>";
		};
		2C90487D2A31B3F6005A9F4E /* Account */ = {
			isa = PBXGroup;
			children = (
				2C9900A62A2243D800CDD4BC /* SignInWithAppleButton.swift */,
				2C9900A82A22448000CDD4BC /* SignInView.swift */,
			);
			path = Account;
			sourceTree = "<group>";
		};
		2C90487E2A31B442005A9F4E /* Compassion */ = {
			isa = PBXGroup;
			children = (
				2CD54B572A2DE44900966D39 /* CompassionCalendarView.swift */,
				2CD54B592A2DE4D100966D39 /* CalendarView.swift */,
				2C9048772A31050A005A9F4E /* AddCompassionView.swift */,
			);
			path = Compassion;
			sourceTree = "<group>";
		};
		2C90487F2A31B457005A9F4E /* Background */ = {
			isa = PBXGroup;
			children = (
				2CD037CC2A1B990900C3B4C7 /* SCBackgroundView.swift */,
			);
			path = Background;
			sourceTree = "<group>";
		};
		2C9048802A31B471005A9F4E /* Solution */ = {
			isa = PBXGroup;
			children = (
				2CD037D12A1D199300C3B4C7 /* AddSCViewModel.swift */,
				2CD037E62A1E819C00C3B4C7 /* FetchSCViewModel.swift */,
			);
			path = Solution;
			sourceTree = "<group>";
		};
		2C9048812A31B47A005A9F4E /* Account */ = {
			isa = PBXGroup;
			children = (
				2C99009B2A22011E00CDD4BC /* AccountViewModel.swift */,
			);
			path = Account;
			sourceTree = "<group>";
		};
		2C9048842A31B682005A9F4E /* Compassion */ = {
			isa = PBXGroup;
			children = (
				2C9048552A30B006005A9F4E /* CalendarViewModel.swift */,
			);
			path = Compassion;
			sourceTree = "<group>";
		};
		2C9048852A31B6ED005A9F4E /* Solution */ = {
			isa = PBXGroup;
			children = (
				2CD037E22A1D1DDA00C3B4C7 /* SolutionModel.swift */,
			);
			path = Solution;
			sourceTree = "<group>";
		};
		2C9048862A31B6F6005A9F4E /* Account */ = {
			isa = PBXGroup;
			children = (
				2C99009D2A22014500CDD4BC /* AccountModel.swift */,
			);
			path = Account;
			sourceTree = "<group>";
		};
		2C9048882A31B704005A9F4E /* Compassion */ = {
			isa = PBXGroup;
			children = (
				2CA0EDF32A13978D00653D05 /* FeaturedModel.swift */,
				2C90488A2A31BA51005A9F4E /* CalendarModel.swift */,
			);
			path = Compassion;
			sourceTree = "<group>";
		};
		2C9048892A31B909005A9F4E /* Tab */ = {
			isa = PBXGroup;
			children = (
				2CD037C72A192EEF00C3B4C7 /* TabModel.swift */,
			);
			path = Tab;
			sourceTree = "<group>";
		};
		2C9048902A3328FF005A9F4E /* Tab */ = {
			isa = PBXGroup;
			children = (
				2C9048912A33290D005A9F4E /* TabView.swift */,
			);
			path = Tab;
			sourceTree = "<group>";
		};
		2C9900982A1FD2B900CDD4BC /* View */ = {
			isa = PBXGroup;
			children = (
				2C9048902A3328FF005A9F4E /* Tab */,
				2C90487F2A31B457005A9F4E /* Background */,
				2C90487E2A31B442005A9F4E /* Compassion */,
				2C90487D2A31B3F6005A9F4E /* Account */,
				2C90487C2A31B3D5005A9F4E /* Solution */,
				2C8256782A0CC03B002C31F9 /* SCApp.swift */,
				2C82567A2A0CC03B002C31F9 /* ContentView.swift */,
			);
			path = View;
			sourceTree = "<group>";
		};
		2CD037CB2A19354700C3B4C7 /* Model */ = {
			isa = PBXGroup;
			children = (
				2C9048892A31B909005A9F4E /* Tab */,
				2C9048882A31B704005A9F4E /* Compassion */,
				2C9048862A31B6F6005A9F4E /* Account */,
				2C9048852A31B6ED005A9F4E /* Solution */,
			);
			path = Model;
			sourceTree = "<group>";
		};
		2CD037D02A1D197400C3B4C7 /* ViewModel */ = {
			isa = PBXGroup;
			children = (
				2C9048842A31B682005A9F4E /* Compassion */,
				2C9048812A31B47A005A9F4E /* Account */,
				2C9048802A31B471005A9F4E /* Solution */,
			);
			path = ViewModel;
			sourceTree = "<group>";
		};
/* End PBXGroup section */

/* Begin PBXNativeTarget section */
		2C8256742A0CC03B002C31F9 /* SC */ = {
			isa = PBXNativeTarget;
			buildConfigurationList = 2C8256832A0CC03C002C31F9 /* Build configuration list for PBXNativeTarget "SC" */;
			buildPhases = (
				2C8256712A0CC03B002C31F9 /* Sources */,
				2C8256722A0CC03B002C31F9 /* Frameworks */,
				2C8256732A0CC03B002C31F9 /* Resources */,
			);
			buildRules = (
			);
			dependencies = (
			);
			name = SC;
			packageProductDependencies = (
				2CD037D42A1D1A6A00C3B4C7 /* FirebaseAnalytics */,
				2CD037D62A1D1A6A00C3B4C7 /* FirebaseAuth */,
				2CD037D82A1D1A6A00C3B4C7 /* FirebaseAuthCombine-Community */,
				2CD037DA2A1D1A6A00C3B4C7 /* FirebaseFirestore */,
				2CD037DC2A1D1A6A00C3B4C7 /* FirebaseFirestoreCombine-Community */,
				2CD037DE2A1D1A6A00C3B4C7 /* FirebaseStorage */,
				2CD037E02A1D1A6A00C3B4C7 /* FirebaseStorageCombine-Community */,
			);
			productName = SC;
			productReference = 2C8256752A0CC03B002C31F9 /* SC.app */;
			productType = "com.apple.product-type.application";
		};
/* End PBXNativeTarget section */

/* Begin PBXProject section */
		2C82566D2A0CC03B002C31F9 /* Project object */ = {
			isa = PBXProject;
			attributes = {
				BuildIndependentTargetsInParallel = 1;
				LastSwiftUpdateCheck = 1430;
				LastUpgradeCheck = 1430;
				TargetAttributes = {
					2C8256742A0CC03B002C31F9 = {
						CreatedOnToolsVersion = 14.3;
					};
				};
			};
			buildConfigurationList = 2C8256702A0CC03B002C31F9 /* Build configuration list for PBXProject "SC" */;
			compatibilityVersion = "Xcode 14.0";
			developmentRegion = en;
			hasScannedForEncodings = 0;
			knownRegions = (
				en,
				Base,
			);
			mainGroup = 2C82566C2A0CC03B002C31F9;
			packageReferences = (
				2CD037D32A1D1A6A00C3B4C7 /* XCRemoteSwiftPackageReference "firebase-ios-sdk" */,
			);
			productRefGroup = 2C8256762A0CC03B002C31F9 /* Products */;
			projectDirPath = "";
			projectRoot = "";
			targets = (
				2C8256742A0CC03B002C31F9 /* SC */,
			);
		};
/* End PBXProject section */

/* Begin PBXResourcesBuildPhase section */
		2C8256732A0CC03B002C31F9 /* Resources */ = {
			isa = PBXResourcesBuildPhase;
			buildActionMask = 2147483647;
			files = (
				2C8256802A0CC03C002C31F9 /* Preview Assets.xcassets in Resources */,
				2C82567D2A0CC03C002C31F9 /* Assets.xcassets in Resources */,
				2CD037E52A1DF82E00C3B4C7 /* GoogleService-Info.plist in Resources */,
			);
			runOnlyForDeploymentPostprocessing = 0;
		};
/* End PBXResourcesBuildPhase section */

/* Begin PBXSourcesBuildPhase section */
		2C8256712A0CC03B002C31F9 /* Sources */ = {
			isa = PBXSourcesBuildPhase;
			buildActionMask = 2147483647;
			files = (
				2C9900A92A22448000CDD4BC /* SignInView.swift in Sources */,
				2C82567B2A0CC03B002C31F9 /* ContentView.swift in Sources */,
				2CD037E72A1E819C00C3B4C7 /* FetchSCViewModel.swift in Sources */,
				2CA0EDEE2A0FE2A400653D05 /* FeaturedView.swift in Sources */,
				2CD037E32A1D1DDA00C3B4C7 /* SolutionModel.swift in Sources */,
				2CD037D22A1D199300C3B4C7 /* AddSCViewModel.swift in Sources */,
				2C9048562A30B006005A9F4E /* CalendarViewModel.swift in Sources */,
				2CD037CF2A1BBBF300C3B4C7 /* AddSolutionView.swift in Sources */,
				2CD037CD2A1B990900C3B4C7 /* SCBackgroundView.swift in Sources */,
				2C8256792A0CC03B002C31F9 /* SCApp.swift in Sources */,
				2C9900A52A2240EB00CDD4BC /* SignInWithAppleRepository.swift in Sources */,
				2CD54B5A2A2DE4D100966D39 /* CalendarView.swift in Sources */,
				2C90488F2A325D6D005A9F4E /* DateFormatRepository.swift in Sources */,
				2CD54B582A2DE44900966D39 /* CompassionCalendarView.swift in Sources */,
				2C4079CD2A349E9600B2E90A /* KeyboardObserver.swift in Sources */,
				2C99009C2A22011E00CDD4BC /* AccountViewModel.swift in Sources */,
				2CA0EDF42A13978D00653D05 /* FeaturedModel.swift in Sources */,
				2C99009E2A22014500CDD4BC /* AccountModel.swift in Sources */,
				2C90488B2A31BA51005A9F4E /* CalendarModel.swift in Sources */,
				2CD037C82A192EEF00C3B4C7 /* TabModel.swift in Sources */,
				2CA0EDEA2A0D36A100653D05 /* SCListView.swift in Sources */,
				2C9048922A33290D005A9F4E /* TabView.swift in Sources */,
				2C9048782A31050A005A9F4E /* AddCompassionView.swift in Sources */,
				2CD037CA2A19348C00C3B4C7 /* Carousel.swift in Sources */,
				2C99009A2A1FD34D00CDD4BC /* EditSolutionView.swift in Sources */,
				2C9900A72A2243D800CDD4BC /* SignInWithAppleButton.swift in Sources */,
			);
			runOnlyForDeploymentPostprocessing = 0;
		};
/* End PBXSourcesBuildPhase section */

/* Begin XCBuildConfiguration section */
		2C8256812A0CC03C002C31F9 /* Debug */ = {
			isa = XCBuildConfiguration;
			buildSettings = {
				ALWAYS_SEARCH_USER_PATHS = NO;
				CLANG_ANALYZER_NONNULL = YES;
				CLANG_ANALYZER_NUMBER_OBJECT_CONVERSION = YES_AGGRESSIVE;
				CLANG_CXX_LANGUAGE_STANDARD = "gnu++20";
				CLANG_ENABLE_MODULES = YES;
				CLANG_ENABLE_OBJC_ARC = YES;
				CLANG_ENABLE_OBJC_WEAK = YES;
				CLANG_WARN_BLOCK_CAPTURE_AUTORELEASING = YES;
				CLANG_WARN_BOOL_CONVERSION = YES;
				CLANG_WARN_COMMA = YES;
				CLANG_WARN_CONSTANT_CONVERSION = YES;
				CLANG_WARN_DEPRECATED_OBJC_IMPLEMENTATIONS = YES;
				CLANG_WARN_DIRECT_OBJC_ISA_USAGE = YES_ERROR;
				CLANG_WARN_DOCUMENTATION_COMMENTS = YES;
				CLANG_WARN_EMPTY_BODY = YES;
				CLANG_WARN_ENUM_CONVERSION = YES;
				CLANG_WARN_INFINITE_RECURSION = YES;
				CLANG_WARN_INT_CONVERSION = YES;
				CLANG_WARN_NON_LITERAL_NULL_CONVERSION = YES;
				CLANG_WARN_OBJC_IMPLICIT_RETAIN_SELF = YES;
				CLANG_WARN_OBJC_LITERAL_CONVERSION = YES;
				CLANG_WARN_OBJC_ROOT_CLASS = YES_ERROR;
				CLANG_WARN_QUOTED_INCLUDE_IN_FRAMEWORK_HEADER = YES;
				CLANG_WARN_RANGE_LOOP_ANALYSIS = YES;
				CLANG_WARN_STRICT_PROTOTYPES = YES;
				CLANG_WARN_SUSPICIOUS_MOVE = YES;
				CLANG_WARN_UNGUARDED_AVAILABILITY = YES_AGGRESSIVE;
				CLANG_WARN_UNREACHABLE_CODE = YES;
				CLANG_WARN__DUPLICATE_METHOD_MATCH = YES;
				COPY_PHASE_STRIP = NO;
				DEBUG_INFORMATION_FORMAT = dwarf;
				ENABLE_STRICT_OBJC_MSGSEND = YES;
				ENABLE_TESTABILITY = YES;
				GCC_C_LANGUAGE_STANDARD = gnu11;
				GCC_DYNAMIC_NO_PIC = NO;
				GCC_NO_COMMON_BLOCKS = YES;
				GCC_OPTIMIZATION_LEVEL = 0;
				GCC_PREPROCESSOR_DEFINITIONS = (
					"DEBUG=1",
					"$(inherited)",
				);
				GCC_WARN_64_TO_32_BIT_CONVERSION = YES;
				GCC_WARN_ABOUT_RETURN_TYPE = YES_ERROR;
				GCC_WARN_UNDECLARED_SELECTOR = YES;
				GCC_WARN_UNINITIALIZED_AUTOS = YES_AGGRESSIVE;
				GCC_WARN_UNUSED_FUNCTION = YES;
				GCC_WARN_UNUSED_VARIABLE = YES;
				IPHONEOS_DEPLOYMENT_TARGET = 16.4;
				MTL_ENABLE_DEBUG_INFO = INCLUDE_SOURCE;
				MTL_FAST_MATH = YES;
				ONLY_ACTIVE_ARCH = YES;
				SDKROOT = iphoneos;
				SWIFT_ACTIVE_COMPILATION_CONDITIONS = DEBUG;
				SWIFT_OPTIMIZATION_LEVEL = "-Onone";
			};
			name = Debug;
		};
		2C8256822A0CC03C002C31F9 /* Release */ = {
			isa = XCBuildConfiguration;
			buildSettings = {
				ALWAYS_SEARCH_USER_PATHS = NO;
				CLANG_ANALYZER_NONNULL = YES;
				CLANG_ANALYZER_NUMBER_OBJECT_CONVERSION = YES_AGGRESSIVE;
				CLANG_CXX_LANGUAGE_STANDARD = "gnu++20";
				CLANG_ENABLE_MODULES = YES;
				CLANG_ENABLE_OBJC_ARC = YES;
				CLANG_ENABLE_OBJC_WEAK = YES;
				CLANG_WARN_BLOCK_CAPTURE_AUTORELEASING = YES;
				CLANG_WARN_BOOL_CONVERSION = YES;
				CLANG_WARN_COMMA = YES;
				CLANG_WARN_CONSTANT_CONVERSION = YES;
				CLANG_WARN_DEPRECATED_OBJC_IMPLEMENTATIONS = YES;
				CLANG_WARN_DIRECT_OBJC_ISA_USAGE = YES_ERROR;
				CLANG_WARN_DOCUMENTATION_COMMENTS = YES;
				CLANG_WARN_EMPTY_BODY = YES;
				CLANG_WARN_ENUM_CONVERSION = YES;
				CLANG_WARN_INFINITE_RECURSION = YES;
				CLANG_WARN_INT_CONVERSION = YES;
				CLANG_WARN_NON_LITERAL_NULL_CONVERSION = YES;
				CLANG_WARN_OBJC_IMPLICIT_RETAIN_SELF = YES;
				CLANG_WARN_OBJC_LITERAL_CONVERSION = YES;
				CLANG_WARN_OBJC_ROOT_CLASS = YES_ERROR;
				CLANG_WARN_QUOTED_INCLUDE_IN_FRAMEWORK_HEADER = YES;
				CLANG_WARN_RANGE_LOOP_ANALYSIS = YES;
				CLANG_WARN_STRICT_PROTOTYPES = YES;
				CLANG_WARN_SUSPICIOUS_MOVE = YES;
				CLANG_WARN_UNGUARDED_AVAILABILITY = YES_AGGRESSIVE;
				CLANG_WARN_UNREACHABLE_CODE = YES;
				CLANG_WARN__DUPLICATE_METHOD_MATCH = YES;
				COPY_PHASE_STRIP = NO;
				DEBUG_INFORMATION_FORMAT = "dwarf-with-dsym";
				ENABLE_NS_ASSERTIONS = NO;
				ENABLE_STRICT_OBJC_MSGSEND = YES;
				GCC_C_LANGUAGE_STANDARD = gnu11;
				GCC_NO_COMMON_BLOCKS = YES;
				GCC_WARN_64_TO_32_BIT_CONVERSION = YES;
				GCC_WARN_ABOUT_RETURN_TYPE = YES_ERROR;
				GCC_WARN_UNDECLARED_SELECTOR = YES;
				GCC_WARN_UNINITIALIZED_AUTOS = YES_AGGRESSIVE;
				GCC_WARN_UNUSED_FUNCTION = YES;
				GCC_WARN_UNUSED_VARIABLE = YES;
				IPHONEOS_DEPLOYMENT_TARGET = 16.4;
				MTL_ENABLE_DEBUG_INFO = NO;
				MTL_FAST_MATH = YES;
				SDKROOT = iphoneos;
				SWIFT_COMPILATION_MODE = wholemodule;
				SWIFT_OPTIMIZATION_LEVEL = "-O";
				VALIDATE_PRODUCT = YES;
			};
			name = Release;
		};
		2C8256842A0CC03C002C31F9 /* Debug */ = {
			isa = XCBuildConfiguration;
			buildSettings = {
				ASSETCATALOG_COMPILER_APPICON_NAME = AppIcon;
				ASSETCATALOG_COMPILER_GLOBAL_ACCENT_COLOR_NAME = AccentColor;
				CODE_SIGN_ENTITLEMENTS = SC/SC.entitlements;
				CODE_SIGN_STYLE = Automatic;
				CURRENT_PROJECT_VERSION = 1;
				DEVELOPMENT_ASSET_PATHS = "\"SC/Preview Content\"";
				DEVELOPMENT_TEAM = VYY6NT3X7Q;
				ENABLE_PREVIEWS = YES;
				GENERATE_INFOPLIST_FILE = YES;
				INFOPLIST_KEY_UIApplicationSceneManifest_Generation = YES;
				INFOPLIST_KEY_UIApplicationSupportsIndirectInputEvents = YES;
				INFOPLIST_KEY_UILaunchScreen_Generation = YES;
				INFOPLIST_KEY_UISupportedInterfaceOrientations_iPad = "UIInterfaceOrientationPortrait UIInterfaceOrientationPortraitUpsideDown UIInterfaceOrientationLandscapeLeft UIInterfaceOrientationLandscapeRight";
				INFOPLIST_KEY_UISupportedInterfaceOrientations_iPhone = "UIInterfaceOrientationPortrait UIInterfaceOrientationLandscapeLeft UIInterfaceOrientationLandscapeRight";
				LD_RUNPATH_SEARCH_PATHS = (
					"$(inherited)",
					"@executable_path/Frameworks",
				);
				MARKETING_VERSION = 1.0;
				PRODUCT_BUNDLE_IDENTIFIER = app.akki.ito.SC;
				PRODUCT_NAME = "$(TARGET_NAME)";
				SWIFT_EMIT_LOC_STRINGS = YES;
				SWIFT_VERSION = 5.0;
				TARGETED_DEVICE_FAMILY = "1,2";
			};
			name = Debug;
		};
		2C8256852A0CC03C002C31F9 /* Release */ = {
			isa = XCBuildConfiguration;
			buildSettings = {
				ASSETCATALOG_COMPILER_APPICON_NAME = AppIcon;
				ASSETCATALOG_COMPILER_GLOBAL_ACCENT_COLOR_NAME = AccentColor;
				CODE_SIGN_ENTITLEMENTS = SC/SC.entitlements;
				CODE_SIGN_STYLE = Automatic;
				CURRENT_PROJECT_VERSION = 1;
				DEVELOPMENT_ASSET_PATHS = "\"SC/Preview Content\"";
				DEVELOPMENT_TEAM = VYY6NT3X7Q;
				ENABLE_PREVIEWS = YES;
				GENERATE_INFOPLIST_FILE = YES;
				INFOPLIST_KEY_UIApplicationSceneManifest_Generation = YES;
				INFOPLIST_KEY_UIApplicationSupportsIndirectInputEvents = YES;
				INFOPLIST_KEY_UILaunchScreen_Generation = YES;
				INFOPLIST_KEY_UISupportedInterfaceOrientations_iPad = "UIInterfaceOrientationPortrait UIInterfaceOrientationPortraitUpsideDown UIInterfaceOrientationLandscapeLeft UIInterfaceOrientationLandscapeRight";
				INFOPLIST_KEY_UISupportedInterfaceOrientations_iPhone = "UIInterfaceOrientationPortrait UIInterfaceOrientationLandscapeLeft UIInterfaceOrientationLandscapeRight";
				LD_RUNPATH_SEARCH_PATHS = (
					"$(inherited)",
					"@executable_path/Frameworks",
				);
				MARKETING_VERSION = 1.0;
				PRODUCT_BUNDLE_IDENTIFIER = app.akki.ito.SC;
				PRODUCT_NAME = "$(TARGET_NAME)";
				SWIFT_EMIT_LOC_STRINGS = YES;
				SWIFT_VERSION = 5.0;
				TARGETED_DEVICE_FAMILY = "1,2";
			};
			name = Release;
		};
/* End XCBuildConfiguration section */

/* Begin XCConfigurationList section */
		2C8256702A0CC03B002C31F9 /* Build configuration list for PBXProject "SC" */ = {
			isa = XCConfigurationList;
			buildConfigurations = (
				2C8256812A0CC03C002C31F9 /* Debug */,
				2C8256822A0CC03C002C31F9 /* Release */,
			);
			defaultConfigurationIsVisible = 0;
			defaultConfigurationName = Release;
		};
		2C8256832A0CC03C002C31F9 /* Build configuration list for PBXNativeTarget "SC" */ = {
			isa = XCConfigurationList;
			buildConfigurations = (
				2C8256842A0CC03C002C31F9 /* Debug */,
				2C8256852A0CC03C002C31F9 /* Release */,
			);
			defaultConfigurationIsVisible = 0;
			defaultConfigurationName = Release;
		};
/* End XCConfigurationList section */

/* Begin XCRemoteSwiftPackageReference section */
		2CD037D32A1D1A6A00C3B4C7 /* XCRemoteSwiftPackageReference "firebase-ios-sdk" */ = {
			isa = XCRemoteSwiftPackageReference;
			repositoryURL = "https://github.com/firebase/firebase-ios-sdk.git";
			requirement = {
				kind = upToNextMajorVersion;
				minimumVersion = 10.0.0;
			};
		};
/* End XCRemoteSwiftPackageReference section */

/* Begin XCSwiftPackageProductDependency section */
		2CD037D42A1D1A6A00C3B4C7 /* FirebaseAnalytics */ = {
			isa = XCSwiftPackageProductDependency;
			package = 2CD037D32A1D1A6A00C3B4C7 /* XCRemoteSwiftPackageReference "firebase-ios-sdk" */;
			productName = FirebaseAnalytics;
		};
		2CD037D62A1D1A6A00C3B4C7 /* FirebaseAuth */ = {
			isa = XCSwiftPackageProductDependency;
			package = 2CD037D32A1D1A6A00C3B4C7 /* XCRemoteSwiftPackageReference "firebase-ios-sdk" */;
			productName = FirebaseAuth;
		};
		2CD037D82A1D1A6A00C3B4C7 /* FirebaseAuthCombine-Community */ = {
			isa = XCSwiftPackageProductDependency;
			package = 2CD037D32A1D1A6A00C3B4C7 /* XCRemoteSwiftPackageReference "firebase-ios-sdk" */;
			productName = "FirebaseAuthCombine-Community";
		};
		2CD037DA2A1D1A6A00C3B4C7 /* FirebaseFirestore */ = {
			isa = XCSwiftPackageProductDependency;
			package = 2CD037D32A1D1A6A00C3B4C7 /* XCRemoteSwiftPackageReference "firebase-ios-sdk" */;
			productName = FirebaseFirestore;
		};
		2CD037DC2A1D1A6A00C3B4C7 /* FirebaseFirestoreCombine-Community */ = {
			isa = XCSwiftPackageProductDependency;
			package = 2CD037D32A1D1A6A00C3B4C7 /* XCRemoteSwiftPackageReference "firebase-ios-sdk" */;
			productName = "FirebaseFirestoreCombine-Community";
		};
		2CD037DE2A1D1A6A00C3B4C7 /* FirebaseStorage */ = {
			isa = XCSwiftPackageProductDependency;
			package = 2CD037D32A1D1A6A00C3B4C7 /* XCRemoteSwiftPackageReference "firebase-ios-sdk" */;
			productName = FirebaseStorage;
		};
		2CD037E02A1D1A6A00C3B4C7 /* FirebaseStorageCombine-Community */ = {
			isa = XCSwiftPackageProductDependency;
			package = 2CD037D32A1D1A6A00C3B4C7 /* XCRemoteSwiftPackageReference "firebase-ios-sdk" */;
			productName = "FirebaseStorageCombine-Community";
		};
/* End XCSwiftPackageProductDependency section */
	};
	rootObject = 2C82566D2A0CC03B002C31F9 /* Project object */;
}
