// !$*UTF8*$!
{
	archiveVersion = 1;
	classes = {
	};
	objectVersion = 56;
	objects = {

/* Begin PBXBuildFile section */
		2C8256792A0CC03B002C31F9 /* SCApp.swift in Sources */ = {isa = PBXBuildFile; fileRef = 2C8256782A0CC03B002C31F9 /* SCApp.swift */; };
		2C82567B2A0CC03B002C31F9 /* ContentView.swift in Sources */ = {isa = PBXBuildFile; fileRef = 2C82567A2A0CC03B002C31F9 /* ContentView.swift */; };
		2C82567D2A0CC03C002C31F9 /* Assets.xcassets in Resources */ = {isa = PBXBuildFile; fileRef = 2C82567C2A0CC03C002C31F9 /* Assets.xcassets */; };
		2C8256802A0CC03C002C31F9 /* Preview Assets.xcassets in Resources */ = {isa = PBXBuildFile; fileRef = 2C82567F2A0CC03C002C31F9 /* Preview Assets.xcassets */; };
		2CA0EDEE2A0FE2A400653D05 /* FeaturedView.swift in Sources */ = {isa = PBXBuildFile; fileRef = 2CA0EDED2A0FE2A400653D05 /* FeaturedView.swift */; };
		2CA0EDF02A0FE34400653D05 /* CatouselView.swift in Sources */ = {isa = PBXBuildFile; fileRef = 2CA0EDEF2A0FE34400653D05 /* CatouselView.swift */; };
		2CA0EDF42A13978D00653D05 /* FeaturedModel.swift in Sources */ = {isa = PBXBuildFile; fileRef = 2CA0EDF32A13978D00653D05 /* FeaturedModel.swift */; };
		2CA0EDEA2A0D36A100653D05 /* SCListView.swift in Sources */ = {isa = PBXBuildFile; fileRef = 2CA0EDE92A0D36A100653D05 /* SCListView.swift */; };
/* End PBXBuildFile section */

/* Begin PBXFileReference section */
		2C8256752A0CC03B002C31F9 /* SC.app */ = {isa = PBXFileReference; explicitFileType = wrapper.application; includeInIndex = 0; path = SC.app; sourceTree = BUILT_PRODUCTS_DIR; };
		2C8256782A0CC03B002C31F9 /* SCApp.swift */ = {isa = PBXFileReference; lastKnownFileType = sourcecode.swift; path = SCApp.swift; sourceTree = "<group>"; };
		2C82567A2A0CC03B002C31F9 /* ContentView.swift */ = {isa = PBXFileReference; lastKnownFileType = sourcecode.swift; path = ContentView.swift; sourceTree = "<group>"; };
		2C82567C2A0CC03C002C31F9 /* Assets.xcassets */ = {isa = PBXFileReference; lastKnownFileType = folder.assetcatalog; path = Assets.xcassets; sourceTree = "<group>"; };
		2C82567F2A0CC03C002C31F9 /* Preview Assets.xcassets */ = {isa = PBXFileReference; lastKnownFileType = folder.assetcatalog; path = "Preview Assets.xcassets"; sourceTree = "<group>"; };
		2CA0EDED2A0FE2A400653D05 /* FeaturedView.swift */ = {isa = PBXFileReference; lastKnownFileType = sourcecode.swift; path = FeaturedView.swift; sourceTree = "<group>"; };
		2CA0EDEF2A0FE34400653D05 /* CatouselView.swift */ = {isa = PBXFileReference; lastKnownFileType = sourcecode.swift; path = CatouselView.swift; sourceTree = "<group>"; };
		2CA0EDF32A13978D00653D05 /* FeaturedModel.swift */ = {isa = PBXFileReference; lastKnownFileType = sourcecode.swift; path = FeaturedModel.swift; sourceTree = "<group>"; };
		2CA0EDE92A0D36A100653D05 /* SCListView.swift */ = {isa = PBXFileReference; lastKnownFileType = sourcecode.swift; path = SCListView.swift; sourceTree = "<group>"; };
/* End PBXFileReference section */

/* Begin PBXFrameworksBuildPhase section */
		2C8256722A0CC03B002C31F9 /* Frameworks */ = {
			isa = PBXFrameworksBuildPhase;
			buildActionMask = 2147483647;
			files = (
			);
			runOnlyForDeploymentPostprocessing = 0;
		};
/* End PBXFrameworksBuildPhase section */

/* Begin PBXGroup section */
		2C82566C2A0CC03B002C31F9 = {
			isa = PBXGroup;
			children = (
				2C8256772A0CC03B002C31F9 /* SC */,
				2C8256762A0CC03B002C31F9 /* Products */,
			);
			sourceTree = "<group>";
		};
		2C8256762A0CC03B002C31F9 /* Products */ = {
			isa = PBXGroup;
			children = (
				2C8256752A0CC03B002C31F9 /* SC.app */,
			);
			name = Products;
			sourceTree = "<group>";
		};
		2C8256772A0CC03B002C31F9 /* SC */ = {
			isa = PBXGroup;
			children = (
				2C8256782A0CC03B002C31F9 /* SCApp.swift */,
				2C82567A2A0CC03B002C31F9 /* ContentView.swift */,
				2CA0EDE92A0D36A100653D05 /* SCListView.swift */,
				2C82567C2A0CC03C002C31F9 /* Assets.xcassets */,
				2C82567E2A0CC03C002C31F9 /* Preview Content */,
				2CA0EDED2A0FE2A400653D05 /* FeaturedView.swift */,
				2CA0EDEF2A0FE34400653D05 /* CatouselView.swift */,
				2CA0EDF32A13978D00653D05 /* FeaturedModel.swift */,
			);
			path = SC;
			sourceTree = "<group>";
		};
		2C82567E2A0CC03C002C31F9 /* Preview Content */ = {
			isa = PBXGroup;
			children = (
				2C82567F2A0CC03C002C31F9 /* Preview Assets.xcassets */,
			);
			path = "Preview Content";
			sourceTree = "<group>";
		};
/* End PBXGroup section */

/* Begin PBXNativeTarget section */
		2C8256742A0CC03B002C31F9 /* SC */ = {
			isa = PBXNativeTarget;
			buildConfigurationList = 2C8256832A0CC03C002C31F9 /* Build configuration list for PBXNativeTarget "SC" */;
			buildPhases = (
				2C8256712A0CC03B002C31F9 /* Sources */,
				2C8256722A0CC03B002C31F9 /* Frameworks */,
				2C8256732A0CC03B002C31F9 /* Resources */,
			);
			buildRules = (
			);
			dependencies = (
			);
			name = SC;
			productName = SC;
			productReference = 2C8256752A0CC03B002C31F9 /* SC.app */;
			productType = "com.apple.product-type.application";
		};
/* End PBXNativeTarget section */

/* Begin PBXProject section */
		2C82566D2A0CC03B002C31F9 /* Project object */ = {
			isa = PBXProject;
			attributes = {
				BuildIndependentTargetsInParallel = 1;
				LastSwiftUpdateCheck = 1430;
				LastUpgradeCheck = 1430;
				TargetAttributes = {
					2C8256742A0CC03B002C31F9 = {
						CreatedOnToolsVersion = 14.3;
					};
				};
			};
			buildConfigurationList = 2C8256702A0CC03B002C31F9 /* Build configuration list for PBXProject "SC" */;
			compatibilityVersion = "Xcode 14.0";
			developmentRegion = en;
			hasScannedForEncodings = 0;
			knownRegions = (
				en,
				Base,
			);
			mainGroup = 2C82566C2A0CC03B002C31F9;
			productRefGroup = 2C8256762A0CC03B002C31F9 /* Products */;
			projectDirPath = "";
			projectRoot = "";
			targets = (
				2C8256742A0CC03B002C31F9 /* SC */,
			);
		};
/* End PBXProject section */

/* Begin PBXResourcesBuildPhase section */
		2C8256732A0CC03B002C31F9 /* Resources */ = {
			isa = PBXResourcesBuildPhase;
			buildActionMask = 2147483647;
			files = (
				2C8256802A0CC03C002C31F9 /* Preview Assets.xcassets in Resources */,
				2C82567D2A0CC03C002C31F9 /* Assets.xcassets in Resources */,
			);
			runOnlyForDeploymentPostprocessing = 0;
		};
/* End PBXResourcesBuildPhase section */

/* Begin PBXSourcesBuildPhase section */
		2C8256712A0CC03B002C31F9 /* Sources */ = {
			isa = PBXSourcesBuildPhase;
			buildActionMask = 2147483647;
			files = (
				2CA0EDF02A0FE34400653D05 /* CatouselView.swift in Sources */,
				2C82567B2A0CC03B002C31F9 /* ContentView.swift in Sources */,
				2CA0EDEE2A0FE2A400653D05 /* FeaturedView.swift in Sources */,
				2C8256792A0CC03B002C31F9 /* SCApp.swift in Sources */,
				2CA0EDF42A13978D00653D05 /* FeaturedModel.swift in Sources */,
				2CA0EDEA2A0D36A100653D05 /* SCListView.swift in Sources */,
			);
			runOnlyForDeploymentPostprocessing = 0;
		};
/* End PBXSourcesBuildPhase section */

/* Begin XCBuildConfiguration section */
		2C8256812A0CC03C002C31F9 /* Debug */ = {
			isa = XCBuildConfiguration;
			buildSettings = {
				ALWAYS_SEARCH_USER_PATHS = NO;
				CLANG_ANALYZER_NONNULL = YES;
				CLANG_ANALYZER_NUMBER_OBJECT_CONVERSION = YES_AGGRESSIVE;
				CLANG_CXX_LANGUAGE_STANDARD = "gnu++20";
				CLANG_ENABLE_MODULES = YES;
				CLANG_ENABLE_OBJC_ARC = YES;
				CLANG_ENABLE_OBJC_WEAK = YES;
				CLANG_WARN_BLOCK_CAPTURE_AUTORELEASING = YES;
				CLANG_WARN_BOOL_CONVERSION = YES;
				CLANG_WARN_COMMA = YES;
				CLANG_WARN_CONSTANT_CONVERSION = YES;
				CLANG_WARN_DEPRECATED_OBJC_IMPLEMENTATIONS = YES;
				CLANG_WARN_DIRECT_OBJC_ISA_USAGE = YES_ERROR;
				CLANG_WARN_DOCUMENTATION_COMMENTS = YES;
				CLANG_WARN_EMPTY_BODY = YES;
				CLANG_WARN_ENUM_CONVERSION = YES;
				CLANG_WARN_INFINITE_RECURSION = YES;
				CLANG_WARN_INT_CONVERSION = YES;
				CLANG_WARN_NON_LITERAL_NULL_CONVERSION = YES;
				CLANG_WARN_OBJC_IMPLICIT_RETAIN_SELF = YES;
				CLANG_WARN_OBJC_LITERAL_CONVERSION = YES;
				CLANG_WARN_OBJC_ROOT_CLASS = YES_ERROR;
				CLANG_WARN_QUOTED_INCLUDE_IN_FRAMEWORK_HEADER = YES;
				CLANG_WARN_RANGE_LOOP_ANALYSIS = YES;
				CLANG_WARN_STRICT_PROTOTYPES = YES;
				CLANG_WARN_SUSPICIOUS_MOVE = YES;
				CLANG_WARN_UNGUARDED_AVAILABILITY = YES_AGGRESSIVE;
				CLANG_WARN_UNREACHABLE_CODE = YES;
				CLANG_WARN__DUPLICATE_METHOD_MATCH = YES;
				COPY_PHASE_STRIP = NO;
				DEBUG_INFORMATION_FORMAT = dwarf;
				ENABLE_STRICT_OBJC_MSGSEND = YES;
				ENABLE_TESTABILITY = YES;
				GCC_C_LANGUAGE_STANDARD = gnu11;
				GCC_DYNAMIC_NO_PIC = NO;
				GCC_NO_COMMON_BLOCKS = YES;
				GCC_OPTIMIZATION_LEVEL = 0;
				GCC_PREPROCESSOR_DEFINITIONS = (
					"DEBUG=1",
					"$(inherited)",
				);
				GCC_WARN_64_TO_32_BIT_CONVERSION = YES;
				GCC_WARN_ABOUT_RETURN_TYPE = YES_ERROR;
				GCC_WARN_UNDECLARED_SELECTOR = YES;
				GCC_WARN_UNINITIALIZED_AUTOS = YES_AGGRESSIVE;
				GCC_WARN_UNUSED_FUNCTION = YES;
				GCC_WARN_UNUSED_VARIABLE = YES;
				IPHONEOS_DEPLOYMENT_TARGET = 16.4;
				MTL_ENABLE_DEBUG_INFO = INCLUDE_SOURCE;
				MTL_FAST_MATH = YES;
				ONLY_ACTIVE_ARCH = YES;
				SDKROOT = iphoneos;
				SWIFT_ACTIVE_COMPILATION_CONDITIONS = DEBUG;
				SWIFT_OPTIMIZATION_LEVEL = "-Onone";
			};
			name = Debug;
		};
		2C8256822A0CC03C002C31F9 /* Release */ = {
			isa = XCBuildConfiguration;
			buildSettings = {
				ALWAYS_SEARCH_USER_PATHS = NO;
				CLANG_ANALYZER_NONNULL = YES;
				CLANG_ANALYZER_NUMBER_OBJECT_CONVERSION = YES_AGGRESSIVE;
				CLANG_CXX_LANGUAGE_STANDARD = "gnu++20";
				CLANG_ENABLE_MODULES = YES;
				CLANG_ENABLE_OBJC_ARC = YES;
				CLANG_ENABLE_OBJC_WEAK = YES;
				CLANG_WARN_BLOCK_CAPTURE_AUTORELEASING = YES;
				CLANG_WARN_BOOL_CONVERSION = YES;
				CLANG_WARN_COMMA = YES;
				CLANG_WARN_CONSTANT_CONVERSION = YES;
				CLANG_WARN_DEPRECATED_OBJC_IMPLEMENTATIONS = YES;
				CLANG_WARN_DIRECT_OBJC_ISA_USAGE = YES_ERROR;
				CLANG_WARN_DOCUMENTATION_COMMENTS = YES;
				CLANG_WARN_EMPTY_BODY = YES;
				CLANG_WARN_ENUM_CONVERSION = YES;
				CLANG_WARN_INFINITE_RECURSION = YES;
				CLANG_WARN_INT_CONVERSION = YES;
				CLANG_WARN_NON_LITERAL_NULL_CONVERSION = YES;
				CLANG_WARN_OBJC_IMPLICIT_RETAIN_SELF = YES;
				CLANG_WARN_OBJC_LITERAL_CONVERSION = YES;
				CLANG_WARN_OBJC_ROOT_CLASS = YES_ERROR;
				CLANG_WARN_QUOTED_INCLUDE_IN_FRAMEWORK_HEADER = YES;
				CLANG_WARN_RANGE_LOOP_ANALYSIS = YES;
				CLANG_WARN_STRICT_PROTOTYPES = YES;
				CLANG_WARN_SUSPICIOUS_MOVE = YES;
				CLANG_WARN_UNGUARDED_AVAILABILITY = YES_AGGRESSIVE;
				CLANG_WARN_UNREACHABLE_CODE = YES;
				CLANG_WARN__DUPLICATE_METHOD_MATCH = YES;
				COPY_PHASE_STRIP = NO;
				DEBUG_INFORMATION_FORMAT = "dwarf-with-dsym";
				ENABLE_NS_ASSERTIONS = NO;
				ENABLE_STRICT_OBJC_MSGSEND = YES;
				GCC_C_LANGUAGE_STANDARD = gnu11;
				GCC_NO_COMMON_BLOCKS = YES;
				GCC_WARN_64_TO_32_BIT_CONVERSION = YES;
				GCC_WARN_ABOUT_RETURN_TYPE = YES_ERROR;
				GCC_WARN_UNDECLARED_SELECTOR = YES;
				GCC_WARN_UNINITIALIZED_AUTOS = YES_AGGRESSIVE;
				GCC_WARN_UNUSED_FUNCTION = YES;
				GCC_WARN_UNUSED_VARIABLE = YES;
				IPHONEOS_DEPLOYMENT_TARGET = 16.4;
				MTL_ENABLE_DEBUG_INFO = NO;
				MTL_FAST_MATH = YES;
				SDKROOT = iphoneos;
				SWIFT_COMPILATION_MODE = wholemodule;
				SWIFT_OPTIMIZATION_LEVEL = "-O";
				VALIDATE_PRODUCT = YES;
			};
			name = Release;
		};
		2C8256842A0CC03C002C31F9 /* Debug */ = {
			isa = XCBuildConfiguration;
			buildSettings = {
				ASSETCATALOG_COMPILER_APPICON_NAME = AppIcon;
				ASSETCATALOG_COMPILER_GLOBAL_ACCENT_COLOR_NAME = AccentColor;
				CODE_SIGN_STYLE = Automatic;
				CURRENT_PROJECT_VERSION = 1;
				DEVELOPMENT_ASSET_PATHS = "\"SC/Preview Content\"";
				DEVELOPMENT_TEAM = VYY6NT3X7Q;
				ENABLE_PREVIEWS = YES;
				GENERATE_INFOPLIST_FILE = YES;
				INFOPLIST_KEY_UIApplicationSceneManifest_Generation = YES;
				INFOPLIST_KEY_UIApplicationSupportsIndirectInputEvents = YES;
				INFOPLIST_KEY_UILaunchScreen_Generation = YES;
				INFOPLIST_KEY_UISupportedInterfaceOrientations_iPad = "UIInterfaceOrientationPortrait UIInterfaceOrientationPortraitUpsideDown UIInterfaceOrientationLandscapeLeft UIInterfaceOrientationLandscapeRight";
				INFOPLIST_KEY_UISupportedInterfaceOrientations_iPhone = "UIInterfaceOrientationPortrait UIInterfaceOrientationLandscapeLeft UIInterfaceOrientationLandscapeRight";
				LD_RUNPATH_SEARCH_PATHS = (
					"$(inherited)",
					"@executable_path/Frameworks",
				);
				MARKETING_VERSION = 1.0;
				PRODUCT_BUNDLE_IDENTIFIER = app.akki.ito.SC;
				PRODUCT_NAME = "$(TARGET_NAME)";
				SWIFT_EMIT_LOC_STRINGS = YES;
				SWIFT_VERSION = 5.0;
				TARGETED_DEVICE_FAMILY = "1,2";
			};
			name = Debug;
		};
		2C8256852A0CC03C002C31F9 /* Release */ = {
			isa = XCBuildConfiguration;
			buildSettings = {
				ASSETCATALOG_COMPILER_APPICON_NAME = AppIcon;
				ASSETCATALOG_COMPILER_GLOBAL_ACCENT_COLOR_NAME = AccentColor;
				CODE_SIGN_STYLE = Automatic;
				CURRENT_PROJECT_VERSION = 1;
				DEVELOPMENT_ASSET_PATHS = "\"SC/Preview Content\"";
				DEVELOPMENT_TEAM = VYY6NT3X7Q;
				ENABLE_PREVIEWS = YES;
				GENERATE_INFOPLIST_FILE = YES;
				INFOPLIST_KEY_UIApplicationSceneManifest_Generation = YES;
				INFOPLIST_KEY_UIApplicationSupportsIndirectInputEvents = YES;
				INFOPLIST_KEY_UILaunchScreen_Generation = YES;
				INFOPLIST_KEY_UISupportedInterfaceOrientations_iPad = "UIInterfaceOrientationPortrait UIInterfaceOrientationPortraitUpsideDown UIInterfaceOrientationLandscapeLeft UIInterfaceOrientationLandscapeRight";
				INFOPLIST_KEY_UISupportedInterfaceOrientations_iPhone = "UIInterfaceOrientationPortrait UIInterfaceOrientationLandscapeLeft UIInterfaceOrientationLandscapeRight";
				LD_RUNPATH_SEARCH_PATHS = (
					"$(inherited)",
					"@executable_path/Frameworks",
				);
				MARKETING_VERSION = 1.0;
				PRODUCT_BUNDLE_IDENTIFIER = app.akki.ito.SC;
				PRODUCT_NAME = "$(TARGET_NAME)";
				SWIFT_EMIT_LOC_STRINGS = YES;
				SWIFT_VERSION = 5.0;
				TARGETED_DEVICE_FAMILY = "1,2";
			};
			name = Release;
		};
/* End XCBuildConfiguration section */

/* Begin XCConfigurationList section */
		2C8256702A0CC03B002C31F9 /* Build configuration list for PBXProject "SC" */ = {
			isa = XCConfigurationList;
			buildConfigurations = (
				2C8256812A0CC03C002C31F9 /* Debug */,
				2C8256822A0CC03C002C31F9 /* Release */,
			);
			defaultConfigurationIsVisible = 0;
			defaultConfigurationName = Release;
		};
		2C8256832A0CC03C002C31F9 /* Build configuration list for PBXNativeTarget "SC" */ = {
			isa = XCConfigurationList;
			buildConfigurations = (
				2C8256842A0CC03C002C31F9 /* Debug */,
				2C8256852A0CC03C002C31F9 /* Release */,
			);
			defaultConfigurationIsVisible = 0;
			defaultConfigurationName = Release;
		};
/* End XCConfigurationList section */
	};
	rootObject = 2C82566D2A0CC03B002C31F9 /* Project object */;
}
